
Microsoft Visual Studio Solution File, Format Version 12.00
# Visual Studio Version 16
VisualStudioVersion = 25.0.1704.4
MinimumVisualStudioVersion = 10.0.40219.1
Project("{FAE04EC0-301F-11D3-BF4B-00C04F79EFBC}") = "ConsoleUI", "ConsoleUI.csproj", "{C80E5D7B-26AE-4660-9B99-0E9F60A233CA}"
EndProject
Global
	GlobalSection(SolutionConfigurationPlatforms) = preSolution
		Debug|Any CPU = Debug|Any CPU
		Release|Any CPU = Release|Any CPU
	EndGlobalSection
	GlobalSection(ProjectConfigurationPlatforms) = postSolution
		{C80E5D7B-26AE-4660-9B99-0E9F60A233CA}.Debug|Any CPU.ActiveCfg = Debug|Any CPU
		{C80E5D7B-26AE-4660-9B99-0E9F60A233CA}.Debug|Any CPU.Build.0 = Debug|Any CPU
		{C80E5D7B-26AE-4660-9B99-0E9F60A233CA}.Release|Any CPU.ActiveCfg = Release|Any CPU
		{C80E5D7B-26AE-4660-9B99-0E9F60A233CA}.Release|Any CPU.Build.0 = Release|Any CPU
	EndGlobalSection
	GlobalSection(SolutionProperties) = preSolution
		HideSolutionNode = FALSE
	EndGlobalSection
	GlobalSection(ExtensibilityGlobals) = postSolution
		SolutionGuid = {B4033859-6AF4-4520-AABA-53064602F929}
	EndGlobalSection
EndGlobal
